// !$*UTF8*$!
{
	archiveVersion = 1;
	classes = {
	};
	objectVersion = 77;
	objects = {

/* Begin PBXBuildFile section */
		96CFFFC42EC3D721002AC31C /* CoreXLSX in Frameworks */ = {isa = PBXBuildFile; productRef = 96CFFFC32EC3D721002AC31C /* CoreXLSX */; };
		96CFFFC52EC3D721002AC31C /* OpenAI in Frameworks */ = {isa = PBXBuildFile; productRef = 96CFFFC72EC3D721002AC31C /* OpenAI */; };
		AEB9EB328BE2E1077D2F522E /* TelemetryDeck in Frameworks */ = {isa = PBXBuildFile; productRef = B6B43726ABA640E1D7F2C50D /* TelemetryDeck */; };
		CFADC3C22F2A42810040D198 /* YalaShare.appex in Embed Foundation Extensions */ = {isa = PBXBuildFile; fileRef = CFADC3B82F2A42810040D198 /* YalaShare.appex */; settings = {ATTRIBUTES = (RemoveHeadersOnCopy, ); }; };
		CFB1B6AF2F30EC930083BC08 /* WidgetKit.framework in Frameworks */ = {isa = PBXBuildFile; fileRef = CFB1B6AE2F30EC930083BC08 /* WidgetKit.framework */; };
		CFB1B6B12F30EC930083BC08 /* SwiftUI.framework in Frameworks */ = {isa = PBXBuildFile; fileRef = CFB1B6B02F30EC930083BC08 /* SwiftUI.framework */; };
		CFB1B6C02F30EC940083BC08 /* YalaWidgetsExtension.appex in Embed Foundation Extensions */ = {isa = PBXBuildFile; fileRef = CFB1B6AC2F30EC930083BC08 /* YalaWidgetsExtension.appex */; settings = {ATTRIBUTES = (RemoveHeadersOnCopy, ); }; };
/* End PBXBuildFile section */

/* Begin PBXContainerItemProxy section */
		96CFFFA52EC3CF09002AC31C /* PBXContainerItemProxy */ = {
			isa = PBXContainerItemProxy;
			containerPortal = 96CFFF8B2EC3CF06002AC31C /* Project object */;
			proxyType = 1;
			remoteGlobalIDString = 96CFFF922EC3CF06002AC31C;
			remoteInfo = Yala;
		};
		96CFFFAF2EC3CF09002AC31C /* PBXContainerItemProxy */ = {
			isa = PBXContainerItemProxy;
			containerPortal = 96CFFF8B2EC3CF06002AC31C /* Project object */;
			proxyType = 1;
			remoteGlobalIDString = 96CFFF922EC3CF06002AC31C;
			remoteInfo = Yala;
		};
		CFADC3C02F2A42810040D198 /* PBXContainerItemProxy */ = {
			isa = PBXContainerItemProxy;
			containerPortal = 96CFFF8B2EC3CF06002AC31C /* Project object */;
			proxyType = 1;
			remoteGlobalIDString = CFADC3B72F2A42810040D198;
			remoteInfo = YalaShare;
		};
		CFB1B6BE2F30EC940083BC08 /* PBXContainerItemProxy */ = {
			isa = PBXContainerItemProxy;
			containerPortal = 96CFFF8B2EC3CF06002AC31C /* Project object */;
			proxyType = 1;
			remoteGlobalIDString = CFB1B6AB2F30EC930083BC08;
			remoteInfo = YalaWidgetsExtension;
		};
/* End PBXContainerItemProxy section */

/* Begin PBXCopyFilesBuildPhase section */
		CFADC3C32F2A42810040D198 /* Embed Foundation Extensions */ = {
			isa = PBXCopyFilesBuildPhase;
			buildActionMask = 2147483647;
			dstPath = "";
			dstSubfolderSpec = 13;
			files = (
				CFADC3C22F2A42810040D198 /* YalaShare.appex in Embed Foundation Extensions */,
				CFB1B6C02F30EC940083BC08 /* YalaWidgetsExtension.appex in Embed Foundation Extensions */,
			);
			name = "Embed Foundation Extensions";
			runOnlyForDeploymentPostprocessing = 0;
		};
/* End PBXCopyFilesBuildPhase section */

/* Begin PBXFileReference section */
		96CFFF932EC3CF06002AC31C /* Yala.app */ = {isa = PBXFileReference; explicitFileType = wrapper.application; includeInIndex = 0; path = Yala.app; sourceTree = BUILT_PRODUCTS_DIR; };
		96CFFFA42EC3CF09002AC31C /* YalaTests.xctest */ = {isa = PBXFileReference; explicitFileType = wrapper.cfbundle; includeInIndex = 0; path = YalaTests.xctest; sourceTree = BUILT_PRODUCTS_DIR; };
		96CFFFAE2EC3CF09002AC31C /* YalaUITests.xctest */ = {isa = PBXFileReference; explicitFileType = wrapper.cfbundle; includeInIndex = 0; path = YalaUITests.xctest; sourceTree = BUILT_PRODUCTS_DIR; };
		96CFFFC82EC3D721002AC31C /* Secrets.xcconfig */ = {isa = PBXFileReference; lastKnownFileType = text.xcconfig; path = Secrets.xcconfig; sourceTree = "<group>"; };
		CFADC3B82F2A42810040D198 /* YalaShare.appex */ = {isa = PBXFileReference; explicitFileType = "wrapper.app-extension"; includeInIndex = 0; path = YalaShare.appex; sourceTree = BUILT_PRODUCTS_DIR; };
		CFB1B6AC2F30EC930083BC08 /* YalaWidgetsExtension.appex */ = {isa = PBXFileReference; explicitFileType = "wrapper.app-extension"; includeInIndex = 0; path = YalaWidgetsExtension.appex; sourceTree = BUILT_PRODUCTS_DIR; };
		CFB1B6AE2F30EC930083BC08 /* WidgetKit.framework */ = {isa = PBXFileReference; lastKnownFileType = wrapper.framework; name = WidgetKit.framework; path = System/Library/Frameworks/WidgetKit.framework; sourceTree = SDKROOT; };
		CFB1B6B02F30EC930083BC08 /* SwiftUI.framework */ = {isa = PBXFileReference; lastKnownFileType = wrapper.framework; name = SwiftUI.framework; path = System/Library/Frameworks/SwiftUI.framework; sourceTree = SDKROOT; };
/* End PBXFileReference section */

/* Begin PBXFileSystemSynchronizedBuildFileExceptionSet section */
		96CFFFB62EC3CF09002AC31C /* Exceptions for "Yala" folder in "Yala" target */ = {
			isa = PBXFileSystemSynchronizedBuildFileExceptionSet;
			membershipExceptions = (
				Resources/Info.plist,
				Shared/ControlCenterIntents.swift,
			);
			target = 96CFFF922EC3CF06002AC31C /* Yala */;
		};
		A1B2C3D4E5F60123456789AB /* Exceptions for "YalaWidgets" folder in "Yala" target */ = {
			isa = PBXFileSystemSynchronizedBuildFileExceptionSet;
			membershipExceptions = (
				Utils/WidgetURLHelper.swift,
			);
			target = 96CFFF922EC3CF06002AC31C /* Yala */;
		};
		A1B2C3D4E5F60123456789CD /* Exceptions for "YalaWidgets" folder in "YalaShare" target */ = {
			isa = PBXFileSystemSynchronizedBuildFileExceptionSet;
			membershipExceptions = (
				Utils/WidgetURLHelper.swift,
			);
			target = CFADC3B72F2A42810040D198 /* YalaShare */;
		};
		CFA3952D2F33BC1500ED1D89 /* Exceptions for "Yala" folder in "YalaWidgetsExtension" target */ = {
			isa = PBXFileSystemSynchronizedBuildFileExceptionSet;
			membershipExceptions = (
				Shared/ControlCenterIntents.swift,
			);
			target = CFB1B6AB2F30EC930083BC08 /* YalaWidgetsExtension */;
		};
		CFADC3C92F2A42810040D198 /* Exceptions for "YalaShare" folder in "YalaShare" target */ = {
			isa = PBXFileSystemSynchronizedBuildFileExceptionSet;
			membershipExceptions = (
				Info.plist,
			);
			target = CFADC3B72F2A42810040D198 /* YalaShare */;
		};
		CFB1B6C62F30EC940083BC08 /* Exceptions for "YalaWidgets" folder in "YalaWidgetsExtension" target */ = {
			isa = PBXFileSystemSynchronizedBuildFileExceptionSet;
			membershipExceptions = (
				Info.plist,
			);
			target = CFB1B6AB2F30EC930083BC08 /* YalaWidgetsExtension */;
		};
/* End PBXFileSystemSynchronizedBuildFileExceptionSet section */

/* Begin PBXFileSystemSynchronizedRootGroup section */
		96CFFF952EC3CF06002AC31C /* Yala */ = {
			isa = PBXFileSystemSynchronizedRootGroup;
			exceptions = (
				96CFFFB62EC3CF09002AC31C /* Exceptions for "Yala" folder in "Yala" target */,
				CFA3952D2F33BC1500ED1D89 /* Exceptions for "Yala" folder in "YalaWidgetsExtension" target */,
			);
			path = Yala;
			sourceTree = "<group>";
		};
		96CFFFA72EC3CF09002AC31C /* YalaTests */ = {
			isa = PBXFileSystemSynchronizedRootGroup;
			path = YalaTests;
			sourceTree = "<group>";
		};
		96CFFFB12EC3CF09002AC31C /* YalaUITests */ = {
			isa = PBXFileSystemSynchronizedRootGroup;
			path = YalaUITests;
			sourceTree = "<group>";
		};
		CFADC3B92F2A42810040D198 /* YalaShare */ = {
			isa = PBXFileSystemSynchronizedRootGroup;
			exceptions = (
				CFADC3C92F2A42810040D198 /* Exceptions for "YalaShare" folder in "YalaShare" target */,
			);
			path = YalaShare;
			sourceTree = "<group>";
		};
		CFB1B6B22F30EC930083BC08 /* YalaWidgets */ = {
			isa = PBXFileSystemSynchronizedRootGroup;
			exceptions = (
				A1B2C3D4E5F60123456789AB /* Exceptions for "YalaWidgets" folder in "Yala" target */,
				A1B2C3D4E5F60123456789CD /* Exceptions for "YalaWidgets" folder in "YalaShare" target */,
				CFB1B6C62F30EC940083BC08 /* Exceptions for "YalaWidgets" folder in "YalaWidgetsExtension" target */,
			);
			path = YalaWidgets;
			sourceTree = "<group>";
		};
/* End PBXFileSystemSynchronizedRootGroup section */

/* Begin PBXFrameworksBuildPhase section */
		96CFFF902EC3CF06002AC31C /* Frameworks */ = {
			isa = PBXFrameworksBuildPhase;
			buildActionMask = 2147483647;
			files = (
				96CFFFC42EC3D721002AC31C /* CoreXLSX in Frameworks */,
				96CFFFC52EC3D721002AC31C /* OpenAI in Frameworks */,
				AEB9EB328BE2E1077D2F522E /* TelemetryDeck in Frameworks */,
			);
			runOnlyForDeploymentPostprocessing = 0;
		};
		96CFFFA12EC3CF09002AC31C /* Frameworks */ = {
			isa = PBXFrameworksBuildPhase;
			buildActionMask = 2147483647;
			files = (
			);
			runOnlyForDeploymentPostprocessing = 0;
		};
		96CFFFAB2EC3CF09002AC31C /* Frameworks */ = {
			isa = PBXFrameworksBuildPhase;
			buildActionMask = 2147483647;
			files = (
			);
			runOnlyForDeploymentPostprocessing = 0;
		};
		CFADC3B52F2A42810040D198 /* Frameworks */ = {
			isa = PBXFrameworksBuildPhase;
			buildActionMask = 2147483647;
			files = (
			);
			runOnlyForDeploymentPostprocessing = 0;
		};
		CFB1B6A92F30EC930083BC08 /* Frameworks */ = {
			isa = PBXFrameworksBuildPhase;
			buildActionMask = 2147483647;
			files = (
				CFB1B6B12F30EC930083BC08 /* SwiftUI.framework in Frameworks */,
				CFB1B6AF2F30EC930083BC08 /* WidgetKit.framework in Frameworks */,
			);
			runOnlyForDeploymentPostprocessing = 0;
		};
/* End PBXFrameworksBuildPhase section */

/* Begin PBXGroup section */
		96CFFF8A2EC3CF06002AC31C = {
			isa = PBXGroup;
			children = (
				96CFFFC82EC3D721002AC31C /* Secrets.xcconfig */,
				96CFFF952EC3CF06002AC31C /* Yala */,
				96CFFFA72EC3CF09002AC31C /* YalaTests */,
				96CFFFB12EC3CF09002AC31C /* YalaUITests */,
				CFADC3B92F2A42810040D198 /* YalaShare */,
				CFB1B6B22F30EC930083BC08 /* YalaWidgets */,
				CFB1B6AD2F30EC930083BC08 /* Frameworks */,
				96CFFF942EC3CF06002AC31C /* Products */,
			);
			sourceTree = "<group>";
		};
		96CFFF942EC3CF06002AC31C /* Products */ = {
			isa = PBXGroup;
			children = (
				96CFFF932EC3CF06002AC31C /* Yala.app */,
				96CFFFA42EC3CF09002AC31C /* YalaTests.xctest */,
				96CFFFAE2EC3CF09002AC31C /* YalaUITests.xctest */,
				CFADC3B82F2A42810040D198 /* YalaShare.appex */,
				CFB1B6AC2F30EC930083BC08 /* YalaWidgetsExtension.appex */,
			);
			name = Products;
			sourceTree = "<group>";
		};
		CFB1B6AD2F30EC930083BC08 /* Frameworks */ = {
			isa = PBXGroup;
			children = (
				CFB1B6AE2F30EC930083BC08 /* WidgetKit.framework */,
				CFB1B6B02F30EC930083BC08 /* SwiftUI.framework */,
			);
			name = Frameworks;
			sourceTree = "<group>";
		};
/* End PBXGroup section */

/* Begin PBXNativeTarget section */
		96CFFF922EC3CF06002AC31C /* Yala */ = {
			isa = PBXNativeTarget;
			buildConfigurationList = 96CFFFB72EC3CF09002AC31C /* Build configuration list for PBXNativeTarget "Yala" */;
			buildPhases = (
				96CFFF8F2EC3CF06002AC31C /* Sources */,
				96CFFF902EC3CF06002AC31C /* Frameworks */,
				96CFFF912EC3CF06002AC31C /* Resources */,
				CFADC3C32F2A42810040D198 /* Embed Foundation Extensions */,
			);
			buildRules = (
			);
			dependencies = (
				CFADC3C12F2A42810040D198 /* PBXTargetDependency */,
				CFB1B6BF2F30EC940083BC08 /* PBXTargetDependency */,
			);
			fileSystemSynchronizedGroups = (
				96CFFF952EC3CF06002AC31C /* Yala */,
			);
			name = Yala;
			packageProductDependencies = (
				96CFFFC32EC3D721002AC31C /* CoreXLSX */,
				96CFFFC72EC3D721002AC31C /* OpenAI */,
				B6B43726ABA640E1D7F2C50D /* TelemetryDeck */,
			);
			productName = Yala;
			productReference = 96CFFF932EC3CF06002AC31C /* Yala.app */;
			productType = "com.apple.product-type.application";
		};
		96CFFFA32EC3CF09002AC31C /* YalaTests */ = {
			isa = PBXNativeTarget;
			buildConfigurationList = 96CFFFBC2EC3CF09002AC31C /* Build configuration list for PBXNativeTarget "YalaTests" */;
			buildPhases = (
				96CFFFA02EC3CF09002AC31C /* Sources */,
				96CFFFA12EC3CF09002AC31C /* Frameworks */,
				96CFFFA22EC3CF09002AC31C /* Resources */,
			);
			buildRules = (
			);
			dependencies = (
				96CFFFA62EC3CF09002AC31C /* PBXTargetDependency */,
			);
			fileSystemSynchronizedGroups = (
				96CFFFA72EC3CF09002AC31C /* YalaTests */,
			);
			name = YalaTests;
			productName = YalaTests;
			productReference = 96CFFFA42EC3CF09002AC31C /* YalaTests.xctest */;
			productType = "com.apple.product-type.bundle.unit-test";
		};
		96CFFFAD2EC3CF09002AC31C /* YalaUITests */ = {
			isa = PBXNativeTarget;
			buildConfigurationList = 96CFFFBF2EC3CF09002AC31C /* Build configuration list for PBXNativeTarget "YalaUITests" */;
			buildPhases = (
				96CFFFAA2EC3CF09002AC31C /* Sources */,
				96CFFFAB2EC3CF09002AC31C /* Frameworks */,
				96CFFFAC2EC3CF09002AC31C /* Resources */,
			);
			buildRules = (
			);
			dependencies = (
				96CFFFB02EC3CF09002AC31C /* PBXTargetDependency */,
			);
			fileSystemSynchronizedGroups = (
				96CFFFB12EC3CF09002AC31C /* YalaUITests */,
			);
			name = YalaUITests;
			productName = YalaUITests;
			productReference = 96CFFFAE2EC3CF09002AC31C /* YalaUITests.xctest */;
			productType = "com.apple.product-type.bundle.ui-testing";
		};
		CFADC3B72F2A42810040D198 /* YalaShare */ = {
			isa = PBXNativeTarget;
			buildConfigurationList = CFADC3C82F2A42810040D198 /* Build configuration list for PBXNativeTarget "YalaShare" */;
			buildPhases = (
				CFADC3B42F2A42810040D198 /* Sources */,
				CFADC3B52F2A42810040D198 /* Frameworks */,
				CFADC3B62F2A42810040D198 /* Resources */,
			);
			buildRules = (
			);
			dependencies = (
			);
			fileSystemSynchronizedGroups = (
				CFADC3B92F2A42810040D198 /* YalaShare */,
			);
			name = YalaShare;
			productName = YalaShare;
			productReference = CFADC3B82F2A42810040D198 /* YalaShare.appex */;
			productType = "com.apple.product-type.app-extension";
		};
		CFB1B6AB2F30EC930083BC08 /* YalaWidgetsExtension */ = {
			isa = PBXNativeTarget;
			buildConfigurationList = CFB1B6C52F30EC940083BC08 /* Build configuration list for PBXNativeTarget "YalaWidgetsExtension" */;
			buildPhases = (
				CFB1B6A82F30EC930083BC08 /* Sources */,
				CFB1B6A92F30EC930083BC08 /* Frameworks */,
				CFB1B6AA2F30EC930083BC08 /* Resources */,
			);
			buildRules = (
			);
			dependencies = (
			);
			fileSystemSynchronizedGroups = (
				CFB1B6B22F30EC930083BC08 /* YalaWidgets */,
			);
			name = YalaWidgetsExtension;
			productName = YalaWidgetsExtension;
			productReference = CFB1B6AC2F30EC930083BC08 /* YalaWidgetsExtension.appex */;
			productType = "com.apple.product-type.app-extension";
		};
/* End PBXNativeTarget section */

/* Begin PBXProject section */
		96CFFF8B2EC3CF06002AC31C /* Project object */ = {
			isa = PBXProject;
			attributes = {
				BuildIndependentTargetsInParallel = 1;
				LastSwiftUpdateCheck = 2620;
				LastUpgradeCheck = 2620;
				TargetAttributes = {
					96CFFF922EC3CF06002AC31C = {
						CreatedOnToolsVersion = 26.1;
					};
					96CFFFA32EC3CF09002AC31C = {
						CreatedOnToolsVersion = 26.1;
						TestTargetID = 96CFFF922EC3CF06002AC31C;
					};
					96CFFFAD2EC3CF09002AC31C = {
						CreatedOnToolsVersion = 26.1;
						TestTargetID = 96CFFF922EC3CF06002AC31C;
					};
					CFADC3B72F2A42810040D198 = {
						CreatedOnToolsVersion = 26.2;
					};
					CFB1B6AB2F30EC930083BC08 = {
						CreatedOnToolsVersion = 26.2;
					};
				};
			};
			buildConfigurationList = 96CFFF8E2EC3CF06002AC31C /* Build configuration list for PBXProject "Yala" */;
			developmentRegion = en;
			hasScannedForEncodings = 0;
			knownRegions = (
				en,
				Base,
				es,
				pt,
				fr,
				it,
				de,
				"pt-BR",
				"pt-PT",
				"es-419",
				"es-ES",
				"es-AR",
				"en-GB",
				nl,
				pl,
				ja,
				"zh-Hans",
			);
			mainGroup = 96CFFF8A2EC3CF06002AC31C;
			minimizedProjectReferenceProxies = 1;
			packageReferences = (
				96CFFFC22EC3D721002AC31C /* XCRemoteSwiftPackageReference "CoreXLSX" */,
				96CFFFC62EC3D721002AC31C /* XCRemoteSwiftPackageReference "OpenAI" */,
				4E97FB9187BF6FE7F4D701D1 /* XCRemoteSwiftPackageReference "SwiftSDK" */,
			);
			preferredProjectObjectVersion = 77;
			productRefGroup = 96CFFF942EC3CF06002AC31C /* Products */;
			projectDirPath = "";
			projectRoot = "";
			targets = (
				96CFFF922EC3CF06002AC31C /* Yala */,
				96CFFFA32EC3CF09002AC31C /* YalaTests */,
				96CFFFAD2EC3CF09002AC31C /* YalaUITests */,
				CFADC3B72F2A42810040D198 /* YalaShare */,
				CFB1B6AB2F30EC930083BC08 /* YalaWidgetsExtension */,
			);
		};
/* End PBXProject section */

/* Begin PBXResourcesBuildPhase section */
		96CFFF912EC3CF06002AC31C /* Resources */ = {
			isa = PBXResourcesBuildPhase;
			buildActionMask = 2147483647;
			files = (
			);
			runOnlyForDeploymentPostprocessing = 0;
		};
		96CFFFA22EC3CF09002AC31C /* Resources */ = {
			isa = PBXResourcesBuildPhase;
			buildActionMask = 2147483647;
			files = (
			);
			runOnlyForDeploymentPostprocessing = 0;
		};
		96CFFFAC2EC3CF09002AC31C /* Resources */ = {
			isa = PBXResourcesBuildPhase;
			buildActionMask = 2147483647;
			files = (
			);
			runOnlyForDeploymentPostprocessing = 0;
		};
		CFADC3B62F2A42810040D198 /* Resources */ = {
			isa = PBXResourcesBuildPhase;
			buildActionMask = 2147483647;
			files = (
			);
			runOnlyForDeploymentPostprocessing = 0;
		};
		CFB1B6AA2F30EC930083BC08 /* Resources */ = {
			isa = PBXResourcesBuildPhase;
			buildActionMask = 2147483647;
			files = (
			);
			runOnlyForDeploymentPostprocessing = 0;
		};
/* End PBXResourcesBuildPhase section */

/* Begin PBXSourcesBuildPhase section */
		96CFFF8F2EC3CF06002AC31C /* Sources */ = {
			isa = PBXSourcesBuildPhase;
			buildActionMask = 2147483647;
			files = (
			);
			runOnlyForDeploymentPostprocessing = 0;
		};
		96CFFFA02EC3CF09002AC31C /* Sources */ = {
			isa = PBXSourcesBuildPhase;
			buildActionMask = 2147483647;
			files = (
			);
			runOnlyForDeploymentPostprocessing = 0;
		};
		96CFFFAA2EC3CF09002AC31C /* Sources */ = {
			isa = PBXSourcesBuildPhase;
			buildActionMask = 2147483647;
			files = (
			);
			runOnlyForDeploymentPostprocessing = 0;
		};
		CFADC3B42F2A42810040D198 /* Sources */ = {
			isa = PBXSourcesBuildPhase;
			buildActionMask = 2147483647;
			files = (
			);
			runOnlyForDeploymentPostprocessing = 0;
		};
		CFB1B6A82F30EC930083BC08 /* Sources */ = {
			isa = PBXSourcesBuildPhase;
			buildActionMask = 2147483647;
			files = (
			);
			runOnlyForDeploymentPostprocessing = 0;
		};
/* End PBXSourcesBuildPhase section */

/* Begin PBXTargetDependency section */
		96CFFFA62EC3CF09002AC31C /* PBXTargetDependency */ = {
			isa = PBXTargetDependency;
			target = 96CFFF922EC3CF06002AC31C /* Yala */;
			targetProxy = 96CFFFA52EC3CF09002AC31C /* PBXContainerItemProxy */;
		};
		96CFFFB02EC3CF09002AC31C /* PBXTargetDependency */ = {
			isa = PBXTargetDependency;
			target = 96CFFF922EC3CF06002AC31C /* Yala */;
			targetProxy = 96CFFFAF2EC3CF09002AC31C /* PBXContainerItemProxy */;
		};
		CFADC3C12F2A42810040D198 /* PBXTargetDependency */ = {
			isa = PBXTargetDependency;
			target = CFADC3B72F2A42810040D198 /* YalaShare */;
			targetProxy = CFADC3C02F2A42810040D198 /* PBXContainerItemProxy */;
		};
		CFB1B6BF2F30EC940083BC08 /* PBXTargetDependency */ = {
			isa = PBXTargetDependency;
			target = CFB1B6AB2F30EC930083BC08 /* YalaWidgetsExtension */;
			targetProxy = CFB1B6BE2F30EC940083BC08 /* PBXContainerItemProxy */;
		};
/* End PBXTargetDependency section */

/* Begin XCBuildConfiguration section */
		96CFFFB82EC3CF09002AC31C /* Debug */ = {
			isa = XCBuildConfiguration;
			buildSettings = {
				APP_GROUP_IDENTIFIER = group.com.jurgenschmidt.yala;
				ASSETCATALOG_COMPILER_ALTERNATE_APPICON_NAMES = "AppIconLight AppIconNeon";
				ASSETCATALOG_COMPILER_APPICON_NAME = AppIcon;
				ASSETCATALOG_COMPILER_GLOBAL_ACCENT_COLOR_NAME = AccentColor;
				ASSETCATALOG_COMPILER_INCLUDE_ALL_APPICON_ASSETS = YES;
				CODE_SIGN_ENTITLEMENTS = "Yala/App/Yala-Debug.entitlements";
				CODE_SIGN_IDENTITY = "Apple Development";
				CODE_SIGN_STYLE = Automatic;
				CURRENT_PROJECT_VERSION = 1;
				DEVELOPMENT_TEAM = 3WKFFVD66J;
				ENABLE_PREVIEWS = YES;
				GENERATE_INFOPLIST_FILE = YES;
				INFOPLIST_FILE = Yala/Resources/Info.plist;
				INFOPLIST_KEY_LSApplicationCategoryType = "public.app-category.finance";
				INFOPLIST_KEY_UIApplicationSceneManifest_Generation = YES;
				INFOPLIST_KEY_UIApplicationSupportsIndirectInputEvents = YES;
				INFOPLIST_KEY_UILaunchScreen_Generation = YES;
				INFOPLIST_KEY_UISupportedInterfaceOrientations = UIInterfaceOrientationPortrait;
				INFOPLIST_KEY_UISupportedInterfaceOrientations_iPad = "UIInterfaceOrientationLandscapeLeft UIInterfaceOrientationLandscapeRight UIInterfaceOrientationPortrait UIInterfaceOrientationPortraitUpsideDown";
				IPHONEOS_DEPLOYMENT_TARGET = 26.0;
				LD_RUNPATH_SEARCH_PATHS = (
					"$(inherited)",
					"@executable_path/Frameworks",
				);
				MARKETING_VERSION = 2.0;
				PRODUCT_BUNDLE_IDENTIFIER = com.jurgenschmidt.yala;
				PRODUCT_NAME = "$(TARGET_NAME)";
				PROVISIONING_PROFILE_SPECIFIER = "";
				STRING_CATALOG_GENERATE_SYMBOLS = YES;
				SUPPORTED_PLATFORMS = "iphoneos iphonesimulator";
				SUPPORTS_MACCATALYST = NO;
				SUPPORTS_MAC_DESIGNED_FOR_IPHONE_IPAD = NO;
				SUPPORTS_XR_DESIGNED_FOR_IPHONE_IPAD = NO;
				SWIFT_APPROACHABLE_CONCURRENCY = YES;
				SWIFT_DEFAULT_ACTOR_ISOLATION = MainActor;
				SWIFT_EMIT_LOC_STRINGS = YES;
				SWIFT_UPCOMING_FEATURE_MEMBER_IMPORT_VISIBILITY = YES;
				SWIFT_VERSION = 5.0;
				TARGETED_DEVICE_FAMILY = "1,2";
				URL_SCHEME = yala;
			};
			name = Debug;
		};
		96CFFFB92EC3CF09002AC31C /* Release */ = {
			isa = XCBuildConfiguration;
			buildSettings = {
				APP_GROUP_IDENTIFIER = group.com.jurgenschmidt.yala;
				ASSETCATALOG_COMPILER_ALTERNATE_APPICON_NAMES = "AppIconLight AppIconNeon";
				ASSETCATALOG_COMPILER_APPICON_NAME = AppIcon;
				ASSETCATALOG_COMPILER_GLOBAL_ACCENT_COLOR_NAME = AccentColor;
				ASSETCATALOG_COMPILER_INCLUDE_ALL_APPICON_ASSETS = YES;
				CODE_SIGN_ENTITLEMENTS = "Yala/App/Yala-Release.entitlements";
				CODE_SIGN_IDENTITY = "Apple Development";
				CODE_SIGN_STYLE = Automatic;
				CURRENT_PROJECT_VERSION = 1;
				DEVELOPMENT_TEAM = 3WKFFVD66J;
				ENABLE_PREVIEWS = YES;
				GENERATE_INFOPLIST_FILE = YES;
				INFOPLIST_FILE = Yala/Resources/Info.plist;
				INFOPLIST_KEY_LSApplicationCategoryType = "public.app-category.finance";
				INFOPLIST_KEY_UIApplicationSceneManifest_Generation = YES;
				INFOPLIST_KEY_UIApplicationSupportsIndirectInputEvents = YES;
				INFOPLIST_KEY_UILaunchScreen_Generation = YES;
				INFOPLIST_KEY_UISupportedInterfaceOrientations = UIInterfaceOrientationPortrait;
				INFOPLIST_KEY_UISupportedInterfaceOrientations_iPad = "UIInterfaceOrientationLandscapeLeft UIInterfaceOrientationLandscapeRight UIInterfaceOrientationPortrait UIInterfaceOrientationPortraitUpsideDown";
				IPHONEOS_DEPLOYMENT_TARGET = 26.0;
				LD_RUNPATH_SEARCH_PATHS = (
					"$(inherited)",
					"@executable_path/Frameworks",
				);
				MARKETING_VERSION = 2.0;
				PRODUCT_BUNDLE_IDENTIFIER = com.jurgenschmidt.yala;
				PRODUCT_NAME = "$(TARGET_NAME)";
				PROVISIONING_PROFILE_SPECIFIER = "";
				STRING_CATALOG_GENERATE_SYMBOLS = YES;
				SUPPORTED_PLATFORMS = "iphoneos iphonesimulator";
				SUPPORTS_MACCATALYST = NO;
				SUPPORTS_MAC_DESIGNED_FOR_IPHONE_IPAD = NO;
				SUPPORTS_XR_DESIGNED_FOR_IPHONE_IPAD = NO;
				SWIFT_APPROACHABLE_CONCURRENCY = YES;
				SWIFT_DEFAULT_ACTOR_ISOLATION = MainActor;
				SWIFT_EMIT_LOC_STRINGS = YES;
				SWIFT_UPCOMING_FEATURE_MEMBER_IMPORT_VISIBILITY = YES;
				SWIFT_VERSION = 5.0;
				TARGETED_DEVICE_FAMILY = "1,2";
				URL_SCHEME = yala;
			};
			name = Release;
		};
		96CFFFBA2EC3CF09002AC31C /* Debug */ = {
			isa = XCBuildConfiguration;
			baseConfigurationReference = 96CFFFC82EC3D721002AC31C /* Secrets.xcconfig */;
			buildSettings = {
				ALWAYS_SEARCH_USER_PATHS = NO;
				ASSETCATALOG_COMPILER_GENERATE_SWIFT_ASSET_SYMBOL_EXTENSIONS = YES;
				CLANG_ANALYZER_LOCALIZABILITY_NONLOCALIZED = YES;
				CLANG_ANALYZER_NONNULL = YES;
				CLANG_ANALYZER_NUMBER_OBJECT_CONVERSION = YES_AGGRESSIVE;
				CLANG_CXX_LANGUAGE_STANDARD = "gnu++20";
				CLANG_ENABLE_MODULES = YES;
				CLANG_ENABLE_OBJC_ARC = YES;
				CLANG_ENABLE_OBJC_WEAK = YES;
				CLANG_WARN_BLOCK_CAPTURE_AUTORELEASING = YES;
				CLANG_WARN_BOOL_CONVERSION = YES;
				CLANG_WARN_COMMA = YES;
				CLANG_WARN_CONSTANT_CONVERSION = YES;
				CLANG_WARN_DEPRECATED_OBJC_IMPLEMENTATIONS = YES;
				CLANG_WARN_DIRECT_OBJC_ISA_USAGE = YES_ERROR;
				CLANG_WARN_DOCUMENTATION_COMMENTS = YES;
				CLANG_WARN_EMPTY_BODY = YES;
				CLANG_WARN_ENUM_CONVERSION = YES;
				CLANG_WARN_INFINITE_RECURSION = YES;
				CLANG_WARN_INT_CONVERSION = YES;
				CLANG_WARN_NON_LITERAL_NULL_CONVERSION = YES;
				CLANG_WARN_OBJC_IMPLICIT_RETAIN_SELF = YES;
				CLANG_WARN_OBJC_LITERAL_CONVERSION = YES;
				CLANG_WARN_OBJC_ROOT_CLASS = YES_ERROR;
				CLANG_WARN_QUOTED_INCLUDE_IN_FRAMEWORK_HEADER = YES;
				CLANG_WARN_RANGE_LOOP_ANALYSIS = YES;
				CLANG_WARN_STRICT_PROTOTYPES = YES;
				CLANG_WARN_SUSPICIOUS_MOVE = YES;
				CLANG_WARN_UNGUARDED_AVAILABILITY = YES_AGGRESSIVE;
				CLANG_WARN_UNREACHABLE_CODE = YES;
				CLANG_WARN__DUPLICATE_METHOD_MATCH = YES;
				COPY_PHASE_STRIP = NO;
				DEBUG_INFORMATION_FORMAT = dwarf;
				DEVELOPMENT_TEAM = 3WKFFVD66J;
				ENABLE_STRICT_OBJC_MSGSEND = YES;
				ENABLE_TESTABILITY = YES;
				ENABLE_USER_SCRIPT_SANDBOXING = YES;
				GCC_C_LANGUAGE_STANDARD = gnu17;
				GCC_DYNAMIC_NO_PIC = NO;
				GCC_NO_COMMON_BLOCKS = YES;
				GCC_OPTIMIZATION_LEVEL = 0;
				GCC_PREPROCESSOR_DEFINITIONS = (
					"DEBUG=1",
					"$(inherited)",
				);
				GCC_WARN_64_TO_32_BIT_CONVERSION = YES;
				GCC_WARN_ABOUT_RETURN_TYPE = YES_ERROR;
				GCC_WARN_UNDECLARED_SELECTOR = YES;
				GCC_WARN_UNINITIALIZED_AUTOS = YES_AGGRESSIVE;
				GCC_WARN_UNUSED_FUNCTION = YES;
				GCC_WARN_UNUSED_VARIABLE = YES;
				IPHONEOS_DEPLOYMENT_TARGET = 26.0;
				LOCALIZATION_PREFERS_STRING_CATALOGS = YES;
				MTL_ENABLE_DEBUG_INFO = INCLUDE_SOURCE;
				MTL_FAST_MATH = YES;
				ONLY_ACTIVE_ARCH = YES;
				SDKROOT = iphoneos;
				STRING_CATALOG_GENERATE_SYMBOLS = YES;
				SWIFT_ACTIVE_COMPILATION_CONDITIONS = "DEBUG $(inherited)";
				SWIFT_OPTIMIZATION_LEVEL = "-Onone";
				TARGETED_DEVICE_FAMILY = "1,2";
			};
			name = Debug;
		};
		96CFFFBB2EC3CF09002AC31C /* Release */ = {
			isa = XCBuildConfiguration;
			baseConfigurationReference = 96CFFFC82EC3D721002AC31C /* Secrets.xcconfig */;
			buildSettings = {
				ALWAYS_SEARCH_USER_PATHS = NO;
				ASSETCATALOG_COMPILER_GENERATE_SWIFT_ASSET_SYMBOL_EXTENSIONS = YES;
				CLANG_ANALYZER_LOCALIZABILITY_NONLOCALIZED = YES;
				CLANG_ANALYZER_NONNULL = YES;
				CLANG_ANALYZER_NUMBER_OBJECT_CONVERSION = YES_AGGRESSIVE;
				CLANG_CXX_LANGUAGE_STANDARD = "gnu++20";
				CLANG_ENABLE_MODULES = YES;
				CLANG_ENABLE_OBJC_ARC = YES;
				CLANG_ENABLE_OBJC_WEAK = YES;
				CLANG_WARN_BLOCK_CAPTURE_AUTORELEASING = YES;
				CLANG_WARN_BOOL_CONVERSION = YES;
				CLANG_WARN_COMMA = YES;
				CLANG_WARN_CONSTANT_CONVERSION = YES;
				CLANG_WARN_DEPRECATED_OBJC_IMPLEMENTATIONS = YES;
				CLANG_WARN_DIRECT_OBJC_ISA_USAGE = YES_ERROR;
				CLANG_WARN_DOCUMENTATION_COMMENTS = YES;
				CLANG_WARN_EMPTY_BODY = YES;
				CLANG_WARN_ENUM_CONVERSION = YES;
				CLANG_WARN_INFINITE_RECURSION = YES;
				CLANG_WARN_INT_CONVERSION = YES;
				CLANG_WARN_NON_LITERAL_NULL_CONVERSION = YES;
				CLANG_WARN_OBJC_IMPLICIT_RETAIN_SELF = YES;
				CLANG_WARN_OBJC_LITERAL_CONVERSION = YES;
				CLANG_WARN_OBJC_ROOT_CLASS = YES_ERROR;
				CLANG_WARN_QUOTED_INCLUDE_IN_FRAMEWORK_HEADER = YES;
				CLANG_WARN_RANGE_LOOP_ANALYSIS = YES;
				CLANG_WARN_STRICT_PROTOTYPES = YES;
				CLANG_WARN_SUSPICIOUS_MOVE = YES;
				CLANG_WARN_UNGUARDED_AVAILABILITY = YES_AGGRESSIVE;
				CLANG_WARN_UNREACHABLE_CODE = YES;
				CLANG_WARN__DUPLICATE_METHOD_MATCH = YES;
				COPY_PHASE_STRIP = NO;
				DEBUG_INFORMATION_FORMAT = "dwarf-with-dsym";
				DEVELOPMENT_TEAM = 3WKFFVD66J;
				ENABLE_NS_ASSERTIONS = NO;
				ENABLE_STRICT_OBJC_MSGSEND = YES;
				ENABLE_USER_SCRIPT_SANDBOXING = YES;
				GCC_C_LANGUAGE_STANDARD = gnu17;
				GCC_NO_COMMON_BLOCKS = YES;
				GCC_WARN_64_TO_32_BIT_CONVERSION = YES;
				GCC_WARN_ABOUT_RETURN_TYPE = YES_ERROR;
				GCC_WARN_UNDECLARED_SELECTOR = YES;
				GCC_WARN_UNINITIALIZED_AUTOS = YES_AGGRESSIVE;
				GCC_WARN_UNUSED_FUNCTION = YES;
				GCC_WARN_UNUSED_VARIABLE = YES;
				IPHONEOS_DEPLOYMENT_TARGET = 26.0;
				LOCALIZATION_PREFERS_STRING_CATALOGS = YES;
				MTL_ENABLE_DEBUG_INFO = NO;
				MTL_FAST_MATH = YES;
				SDKROOT = iphoneos;
				STRING_CATALOG_GENERATE_SYMBOLS = YES;
				SWIFT_COMPILATION_MODE = wholemodule;
				TARGETED_DEVICE_FAMILY = "1,2";
				VALIDATE_PRODUCT = YES;
			};
			name = Release;
		};
		96CFFFBD2EC3CF09002AC31C /* Debug */ = {
			isa = XCBuildConfiguration;
			buildSettings = {
				BUNDLE_LOADER = "$(TEST_HOST)";
				CODE_SIGN_STYLE = Automatic;
				CURRENT_PROJECT_VERSION = 1;
				DEVELOPMENT_TEAM = 3WKFFVD66J;
				GENERATE_INFOPLIST_FILE = YES;
				IPHONEOS_DEPLOYMENT_TARGET = 26.0;
				MARKETING_VERSION = 2.0;
				PRODUCT_BUNDLE_IDENTIFIER = com.jurgenschmidt.YalaTests;
				PRODUCT_NAME = "$(TARGET_NAME)";
				STRING_CATALOG_GENERATE_SYMBOLS = NO;
				SWIFT_APPROACHABLE_CONCURRENCY = YES;
				SWIFT_EMIT_LOC_STRINGS = NO;
				SWIFT_UPCOMING_FEATURE_MEMBER_IMPORT_VISIBILITY = YES;
				SWIFT_VERSION = 5.0;
				TARGETED_DEVICE_FAMILY = "1,2";
				TEST_HOST = "$(BUILT_PRODUCTS_DIR)/Yala.app/$(BUNDLE_EXECUTABLE_FOLDER_PATH)/Yala";
			};
			name = Debug;
		};
		96CFFFBE2EC3CF09002AC31C /* Release */ = {
			isa = XCBuildConfiguration;
			buildSettings = {
				BUNDLE_LOADER = "$(TEST_HOST)";
				CODE_SIGN_STYLE = Automatic;
				CURRENT_PROJECT_VERSION = 1;
				DEVELOPMENT_TEAM = 3WKFFVD66J;
				GENERATE_INFOPLIST_FILE = YES;
				IPHONEOS_DEPLOYMENT_TARGET = 26.0;
				MARKETING_VERSION = 2.0;
				PRODUCT_BUNDLE_IDENTIFIER = com.jurgenschmidt.YalaTests;
				PRODUCT_NAME = "$(TARGET_NAME)";
				STRING_CATALOG_GENERATE_SYMBOLS = NO;
				SWIFT_APPROACHABLE_CONCURRENCY = YES;
				SWIFT_EMIT_LOC_STRINGS = NO;
				SWIFT_UPCOMING_FEATURE_MEMBER_IMPORT_VISIBILITY = YES;
				SWIFT_VERSION = 5.0;
				TARGETED_DEVICE_FAMILY = "1,2";
				TEST_HOST = "$(BUILT_PRODUCTS_DIR)/Yala.app/$(BUNDLE_EXECUTABLE_FOLDER_PATH)/Yala";
			};
			name = Release;
		};
		96CFFFC02EC3CF09002AC31C /* Debug */ = {
			isa = XCBuildConfiguration;
			buildSettings = {
				CODE_SIGN_STYLE = Automatic;
				CURRENT_PROJECT_VERSION = 1;
				DEVELOPMENT_TEAM = 3WKFFVD66J;
				GENERATE_INFOPLIST_FILE = YES;
				MARKETING_VERSION = 2.0;
				PRODUCT_BUNDLE_IDENTIFIER = com.jurgenschmidt.YalaUITests;
				PRODUCT_NAME = "$(TARGET_NAME)";
				STRING_CATALOG_GENERATE_SYMBOLS = NO;
				SWIFT_APPROACHABLE_CONCURRENCY = YES;
				SWIFT_EMIT_LOC_STRINGS = NO;
				SWIFT_UPCOMING_FEATURE_MEMBER_IMPORT_VISIBILITY = YES;
				SWIFT_VERSION = 5.0;
				TARGETED_DEVICE_FAMILY = "1,2";
				TEST_TARGET_NAME = Yala;
			};
			name = Debug;
		};
		96CFFFC12EC3CF09002AC31C /* Release */ = {
			isa = XCBuildConfiguration;
			buildSettings = {
				CODE_SIGN_STYLE = Automatic;
				CURRENT_PROJECT_VERSION = 1;
				DEVELOPMENT_TEAM = 3WKFFVD66J;
				GENERATE_INFOPLIST_FILE = YES;
				MARKETING_VERSION = 2.0;
				PRODUCT_BUNDLE_IDENTIFIER = com.jurgenschmidt.YalaUITests;
				PRODUCT_NAME = "$(TARGET_NAME)";
				STRING_CATALOG_GENERATE_SYMBOLS = NO;
				SWIFT_APPROACHABLE_CONCURRENCY = YES;
				SWIFT_EMIT_LOC_STRINGS = NO;
				SWIFT_UPCOMING_FEATURE_MEMBER_IMPORT_VISIBILITY = YES;
				SWIFT_VERSION = 5.0;
				TARGETED_DEVICE_FAMILY = "1,2";
				TEST_TARGET_NAME = Yala;
			};
			name = Release;
		};
		96CFFFD82EC3CF09002AC31C /* Debug-Dev */ = {
			isa = XCBuildConfiguration;
			buildSettings = {
				APP_GROUP_IDENTIFIER = group.com.jurgenschmidt.yala.dev;
				ASSETCATALOG_COMPILER_ALTERNATE_APPICON_NAMES = "AppIconLight AppIconNeon";
				ASSETCATALOG_COMPILER_APPICON_NAME = AppIcon;
				ASSETCATALOG_COMPILER_GLOBAL_ACCENT_COLOR_NAME = AccentColor;
				ASSETCATALOG_COMPILER_INCLUDE_ALL_APPICON_ASSETS = YES;
				CODE_SIGN_ENTITLEMENTS = "Yala/App/Yala-Debug.entitlements";
				CODE_SIGN_STYLE = Automatic;
				CURRENT_PROJECT_VERSION = 1;
				DEVELOPMENT_TEAM = 3WKFFVD66J;
				ENABLE_PREVIEWS = YES;
				GENERATE_INFOPLIST_FILE = YES;
				INFOPLIST_FILE = Yala/Resources/Info.plist;
				INFOPLIST_KEY_CFBundleDisplayName = "Yala Dev";
				INFOPLIST_KEY_LSApplicationCategoryType = "public.app-category.finance";
				INFOPLIST_KEY_UIApplicationSceneManifest_Generation = YES;
				INFOPLIST_KEY_UIApplicationSupportsIndirectInputEvents = YES;
				INFOPLIST_KEY_UILaunchScreen_Generation = YES;
				INFOPLIST_KEY_UISupportedInterfaceOrientations = UIInterfaceOrientationPortrait;
				INFOPLIST_KEY_UISupportedInterfaceOrientations_iPad = "UIInterfaceOrientationLandscapeLeft UIInterfaceOrientationLandscapeRight UIInterfaceOrientationPortrait UIInterfaceOrientationPortraitUpsideDown";
				IPHONEOS_DEPLOYMENT_TARGET = 26.0;
				LD_RUNPATH_SEARCH_PATHS = (
					"$(inherited)",
					"@executable_path/Frameworks",
				);
				MARKETING_VERSION = 2.0;
				PRODUCT_BUNDLE_IDENTIFIER = com.jurgenschmidt.yala.dev;
				PRODUCT_NAME = "$(TARGET_NAME)";
				STRING_CATALOG_GENERATE_SYMBOLS = YES;
				SUPPORTED_PLATFORMS = "iphoneos iphonesimulator";
				SUPPORTS_MACCATALYST = NO;
				SUPPORTS_MAC_DESIGNED_FOR_IPHONE_IPAD = NO;
				SUPPORTS_XR_DESIGNED_FOR_IPHONE_IPAD = NO;
				SWIFT_APPROACHABLE_CONCURRENCY = YES;
				SWIFT_DEFAULT_ACTOR_ISOLATION = MainActor;
				SWIFT_EMIT_LOC_STRINGS = YES;
				SWIFT_UPCOMING_FEATURE_MEMBER_IMPORT_VISIBILITY = YES;
				SWIFT_VERSION = 5.0;
				TARGETED_DEVICE_FAMILY = "1,2";
				URL_SCHEME = yaladev;
			};
			name = "Debug-Dev";
		};
		96CFFFD92EC3CF09002AC31C /* Release-Dev */ = {
			isa = XCBuildConfiguration;
			buildSettings = {
				APP_GROUP_IDENTIFIER = group.com.jurgenschmidt.yala.dev;
				ASSETCATALOG_COMPILER_ALTERNATE_APPICON_NAMES = "AppIconLight AppIconNeon";
				ASSETCATALOG_COMPILER_APPICON_NAME = AppIcon;
				ASSETCATALOG_COMPILER_GLOBAL_ACCENT_COLOR_NAME = AccentColor;
				ASSETCATALOG_COMPILER_INCLUDE_ALL_APPICON_ASSETS = YES;
				CODE_SIGN_ENTITLEMENTS = "Yala/App/Yala-Debug.entitlements";
				CODE_SIGN_STYLE = Automatic;
				CURRENT_PROJECT_VERSION = 1;
				DEVELOPMENT_TEAM = 3WKFFVD66J;
				ENABLE_PREVIEWS = YES;
				GENERATE_INFOPLIST_FILE = YES;
				INFOPLIST_FILE = Yala/Resources/Info.plist;
				INFOPLIST_KEY_CFBundleDisplayName = "Yala Dev";
				INFOPLIST_KEY_LSApplicationCategoryType = "public.app-category.finance";
				INFOPLIST_KEY_UIApplicationSceneManifest_Generation = YES;
				INFOPLIST_KEY_UIApplicationSupportsIndirectInputEvents = YES;
				INFOPLIST_KEY_UILaunchScreen_Generation = YES;
				INFOPLIST_KEY_UISupportedInterfaceOrientations = UIInterfaceOrientationPortrait;
				INFOPLIST_KEY_UISupportedInterfaceOrientations_iPad = "UIInterfaceOrientationLandscapeLeft UIInterfaceOrientationLandscapeRight UIInterfaceOrientationPortrait UIInterfaceOrientationPortraitUpsideDown";
				IPHONEOS_DEPLOYMENT_TARGET = 26.0;
				LD_RUNPATH_SEARCH_PATHS = (
					"$(inherited)",
					"@executable_path/Frameworks",
				);
				MARKETING_VERSION = 2.0;
				PRODUCT_BUNDLE_IDENTIFIER = com.jurgenschmidt.yala.dev;
				PRODUCT_NAME = "$(TARGET_NAME)";
				STRING_CATALOG_GENERATE_SYMBOLS = YES;
				SUPPORTED_PLATFORMS = "iphoneos iphonesimulator";
				SUPPORTS_MACCATALYST = NO;
				SUPPORTS_MAC_DESIGNED_FOR_IPHONE_IPAD = NO;
				SUPPORTS_XR_DESIGNED_FOR_IPHONE_IPAD = NO;
				SWIFT_APPROACHABLE_CONCURRENCY = YES;
				SWIFT_DEFAULT_ACTOR_ISOLATION = MainActor;
				SWIFT_EMIT_LOC_STRINGS = YES;
				SWIFT_UPCOMING_FEATURE_MEMBER_IMPORT_VISIBILITY = YES;
				SWIFT_VERSION = 5.0;
				TARGETED_DEVICE_FAMILY = "1,2";
				URL_SCHEME = yaladev;
			};
			name = "Release-Dev";
		};
		96CFFFDA2EC3CF09002AC31C /* Debug-Dev */ = {
			isa = XCBuildConfiguration;
			baseConfigurationReference = 96CFFFC82EC3D721002AC31C /* Secrets.xcconfig */;
			buildSettings = {
				ALWAYS_SEARCH_USER_PATHS = NO;
				ASSETCATALOG_COMPILER_GENERATE_SWIFT_ASSET_SYMBOL_EXTENSIONS = YES;
				CLANG_ANALYZER_LOCALIZABILITY_NONLOCALIZED = YES;
				CLANG_ANALYZER_NONNULL = YES;
				CLANG_ANALYZER_NUMBER_OBJECT_CONVERSION = YES_AGGRESSIVE;
				CLANG_CXX_LANGUAGE_STANDARD = "gnu++20";
				CLANG_ENABLE_MODULES = YES;
				CLANG_ENABLE_OBJC_ARC = YES;
				CLANG_ENABLE_OBJC_WEAK = YES;
				CLANG_WARN_BLOCK_CAPTURE_AUTORELEASING = YES;
				CLANG_WARN_BOOL_CONVERSION = YES;
				CLANG_WARN_COMMA = YES;
				CLANG_WARN_CONSTANT_CONVERSION = YES;
				CLANG_WARN_DEPRECATED_OBJC_IMPLEMENTATIONS = YES;
				CLANG_WARN_DIRECT_OBJC_ISA_USAGE = YES_ERROR;
				CLANG_WARN_DOCUMENTATION_COMMENTS = YES;
				CLANG_WARN_EMPTY_BODY = YES;
				CLANG_WARN_ENUM_CONVERSION = YES;
				CLANG_WARN_INFINITE_RECURSION = YES;
				CLANG_WARN_INT_CONVERSION = YES;
				CLANG_WARN_NON_LITERAL_NULL_CONVERSION = YES;
				CLANG_WARN_OBJC_IMPLICIT_RETAIN_SELF = YES;
				CLANG_WARN_OBJC_LITERAL_CONVERSION = YES;
				CLANG_WARN_OBJC_ROOT_CLASS = YES_ERROR;
				CLANG_WARN_QUOTED_INCLUDE_IN_FRAMEWORK_HEADER = YES;
				CLANG_WARN_RANGE_LOOP_ANALYSIS = YES;
				CLANG_WARN_STRICT_PROTOTYPES = YES;
				CLANG_WARN_SUSPICIOUS_MOVE = YES;
				CLANG_WARN_UNGUARDED_AVAILABILITY = YES_AGGRESSIVE;
				CLANG_WARN_UNREACHABLE_CODE = YES;
				CLANG_WARN__DUPLICATE_METHOD_MATCH = YES;
				COPY_PHASE_STRIP = NO;
				DEBUG_INFORMATION_FORMAT = dwarf;
				DEVELOPMENT_TEAM = 3WKFFVD66J;
				ENABLE_STRICT_OBJC_MSGSEND = YES;
				ENABLE_TESTABILITY = YES;
				ENABLE_USER_SCRIPT_SANDBOXING = YES;
				GCC_C_LANGUAGE_STANDARD = gnu17;
				GCC_DYNAMIC_NO_PIC = NO;
				GCC_NO_COMMON_BLOCKS = YES;
				GCC_OPTIMIZATION_LEVEL = 0;
				GCC_PREPROCESSOR_DEFINITIONS = (
					"DEBUG=1",
					"$(inherited)",
				);
				GCC_WARN_64_TO_32_BIT_CONVERSION = YES;
				GCC_WARN_ABOUT_RETURN_TYPE = YES_ERROR;
				GCC_WARN_UNDECLARED_SELECTOR = YES;
				GCC_WARN_UNINITIALIZED_AUTOS = YES_AGGRESSIVE;
				GCC_WARN_UNUSED_FUNCTION = YES;
				GCC_WARN_UNUSED_VARIABLE = YES;
				IPHONEOS_DEPLOYMENT_TARGET = 26.0;
				LOCALIZATION_PREFERS_STRING_CATALOGS = YES;
				MTL_ENABLE_DEBUG_INFO = INCLUDE_SOURCE;
				MTL_FAST_MATH = YES;
				ONLY_ACTIVE_ARCH = YES;
				SDKROOT = iphoneos;
				STRING_CATALOG_GENERATE_SYMBOLS = YES;
				SWIFT_ACTIVE_COMPILATION_CONDITIONS = "DEBUG DEV_BUILD $(inherited)";
				SWIFT_OPTIMIZATION_LEVEL = "-Onone";
				TARGETED_DEVICE_FAMILY = "1,2";
			};
			name = "Debug-Dev";
		};
		96CFFFDB2EC3CF09002AC31C /* Release-Dev */ = {
			isa = XCBuildConfiguration;
			baseConfigurationReference = 96CFFFC82EC3D721002AC31C /* Secrets.xcconfig */;
			buildSettings = {
				ALWAYS_SEARCH_USER_PATHS = NO;
				ASSETCATALOG_COMPILER_GENERATE_SWIFT_ASSET_SYMBOL_EXTENSIONS = YES;
				CLANG_ANALYZER_LOCALIZABILITY_NONLOCALIZED = YES;
				CLANG_ANALYZER_NONNULL = YES;
				CLANG_ANALYZER_NUMBER_OBJECT_CONVERSION = YES_AGGRESSIVE;
				CLANG_CXX_LANGUAGE_STANDARD = "gnu++20";
				CLANG_ENABLE_MODULES = YES;
				CLANG_ENABLE_OBJC_ARC = YES;
				CLANG_ENABLE_OBJC_WEAK = YES;
				CLANG_WARN_BLOCK_CAPTURE_AUTORELEASING = YES;
				CLANG_WARN_BOOL_CONVERSION = YES;
				CLANG_WARN_COMMA = YES;
				CLANG_WARN_CONSTANT_CONVERSION = YES;
				CLANG_WARN_DEPRECATED_OBJC_IMPLEMENTATIONS = YES;
				CLANG_WARN_DIRECT_OBJC_ISA_USAGE = YES_ERROR;
				CLANG_WARN_DOCUMENTATION_COMMENTS = YES;
				CLANG_WARN_EMPTY_BODY = YES;
				CLANG_WARN_ENUM_CONVERSION = YES;
				CLANG_WARN_INFINITE_RECURSION = YES;
				CLANG_WARN_INT_CONVERSION = YES;
				CLANG_WARN_NON_LITERAL_NULL_CONVERSION = YES;
				CLANG_WARN_OBJC_IMPLICIT_RETAIN_SELF = YES;
				CLANG_WARN_OBJC_LITERAL_CONVERSION = YES;
				CLANG_WARN_OBJC_ROOT_CLASS = YES_ERROR;
				CLANG_WARN_QUOTED_INCLUDE_IN_FRAMEWORK_HEADER = YES;
				CLANG_WARN_RANGE_LOOP_ANALYSIS = YES;
				CLANG_WARN_STRICT_PROTOTYPES = YES;
				CLANG_WARN_SUSPICIOUS_MOVE = YES;
				CLANG_WARN_UNGUARDED_AVAILABILITY = YES_AGGRESSIVE;
				CLANG_WARN_UNREACHABLE_CODE = YES;
				CLANG_WARN__DUPLICATE_METHOD_MATCH = YES;
				COPY_PHASE_STRIP = NO;
				DEBUG_INFORMATION_FORMAT = "dwarf-with-dsym";
				DEVELOPMENT_TEAM = 3WKFFVD66J;
				ENABLE_NS_ASSERTIONS = NO;
				ENABLE_STRICT_OBJC_MSGSEND = YES;
				ENABLE_USER_SCRIPT_SANDBOXING = YES;
				GCC_C_LANGUAGE_STANDARD = gnu17;
				GCC_NO_COMMON_BLOCKS = YES;
				GCC_WARN_64_TO_32_BIT_CONVERSION = YES;
				GCC_WARN_ABOUT_RETURN_TYPE = YES_ERROR;
				GCC_WARN_UNDECLARED_SELECTOR = YES;
				GCC_WARN_UNINITIALIZED_AUTOS = YES_AGGRESSIVE;
				GCC_WARN_UNUSED_FUNCTION = YES;
				GCC_WARN_UNUSED_VARIABLE = YES;
				IPHONEOS_DEPLOYMENT_TARGET = 26.0;
				LOCALIZATION_PREFERS_STRING_CATALOGS = YES;
				MTL_ENABLE_DEBUG_INFO = NO;
				MTL_FAST_MATH = YES;
				SDKROOT = iphoneos;
				STRING_CATALOG_GENERATE_SYMBOLS = YES;
				SWIFT_COMPILATION_MODE = wholemodule;
				TARGETED_DEVICE_FAMILY = "1,2";
				VALIDATE_PRODUCT = YES;
			};
			name = "Release-Dev";
		};
		96CFFFDC2EC3CF09002AC31C /* Debug-Dev */ = {
			isa = XCBuildConfiguration;
			buildSettings = {
				BUNDLE_LOADER = "$(TEST_HOST)";
				CODE_SIGN_STYLE = Automatic;
				CURRENT_PROJECT_VERSION = 1;
				DEVELOPMENT_TEAM = 3WKFFVD66J;
				GENERATE_INFOPLIST_FILE = YES;
				IPHONEOS_DEPLOYMENT_TARGET = 26.0;
				MARKETING_VERSION = 2.0;
				PRODUCT_BUNDLE_IDENTIFIER = com.jurgenschmidt.YalaTests;
				PRODUCT_NAME = "$(TARGET_NAME)";
				STRING_CATALOG_GENERATE_SYMBOLS = NO;
				SWIFT_APPROACHABLE_CONCURRENCY = YES;
				SWIFT_EMIT_LOC_STRINGS = NO;
				SWIFT_UPCOMING_FEATURE_MEMBER_IMPORT_VISIBILITY = YES;
				SWIFT_VERSION = 5.0;
				TARGETED_DEVICE_FAMILY = "1,2";
				TEST_HOST = "$(BUILT_PRODUCTS_DIR)/Yala.app/$(BUNDLE_EXECUTABLE_FOLDER_PATH)/Yala";
			};
			name = "Debug-Dev";
		};
		96CFFFDD2EC3CF09002AC31C /* Release-Dev */ = {
			isa = XCBuildConfiguration;
			buildSettings = {
				BUNDLE_LOADER = "$(TEST_HOST)";
				CODE_SIGN_STYLE = Automatic;
				CURRENT_PROJECT_VERSION = 1;
				DEVELOPMENT_TEAM = 3WKFFVD66J;
				GENERATE_INFOPLIST_FILE = YES;
				IPHONEOS_DEPLOYMENT_TARGET = 26.0;
				MARKETING_VERSION = 2.0;
				PRODUCT_BUNDLE_IDENTIFIER = com.jurgenschmidt.YalaTests;
				PRODUCT_NAME = "$(TARGET_NAME)";
				STRING_CATALOG_GENERATE_SYMBOLS = NO;
				SWIFT_APPROACHABLE_CONCURRENCY = YES;
				SWIFT_EMIT_LOC_STRINGS = NO;
				SWIFT_UPCOMING_FEATURE_MEMBER_IMPORT_VISIBILITY = YES;
				SWIFT_VERSION = 5.0;
				TARGETED_DEVICE_FAMILY = "1,2";
				TEST_HOST = "$(BUILT_PRODUCTS_DIR)/Yala.app/$(BUNDLE_EXECUTABLE_FOLDER_PATH)/Yala";
			};
			name = "Release-Dev";
		};
		96CFFFDE2EC3CF09002AC31C /* Debug-Dev */ = {
			isa = XCBuildConfiguration;
			buildSettings = {
				CODE_SIGN_STYLE = Automatic;
				CURRENT_PROJECT_VERSION = 1;
				DEVELOPMENT_TEAM = 3WKFFVD66J;
				GENERATE_INFOPLIST_FILE = YES;
				MARKETING_VERSION = 2.0;
				PRODUCT_BUNDLE_IDENTIFIER = com.jurgenschmidt.YalaUITests;
				PRODUCT_NAME = "$(TARGET_NAME)";
				STRING_CATALOG_GENERATE_SYMBOLS = NO;
				SWIFT_APPROACHABLE_CONCURRENCY = YES;
				SWIFT_EMIT_LOC_STRINGS = NO;
				SWIFT_UPCOMING_FEATURE_MEMBER_IMPORT_VISIBILITY = YES;
				SWIFT_VERSION = 5.0;
				TARGETED_DEVICE_FAMILY = "1,2";
				TEST_TARGET_NAME = Yala;
			};
			name = "Debug-Dev";
		};
		96CFFFDF2EC3CF09002AC31C /* Release-Dev */ = {
			isa = XCBuildConfiguration;
			buildSettings = {
				CODE_SIGN_STYLE = Automatic;
				CURRENT_PROJECT_VERSION = 1;
				DEVELOPMENT_TEAM = 3WKFFVD66J;
				GENERATE_INFOPLIST_FILE = YES;
				MARKETING_VERSION = 2.0;
				PRODUCT_BUNDLE_IDENTIFIER = com.jurgenschmidt.YalaUITests;
				PRODUCT_NAME = "$(TARGET_NAME)";
				STRING_CATALOG_GENERATE_SYMBOLS = NO;
				SWIFT_APPROACHABLE_CONCURRENCY = YES;
				SWIFT_EMIT_LOC_STRINGS = NO;
				SWIFT_UPCOMING_FEATURE_MEMBER_IMPORT_VISIBILITY = YES;
				SWIFT_VERSION = 5.0;
				TARGETED_DEVICE_FAMILY = "1,2";
				TEST_TARGET_NAME = Yala;
			};
			name = "Release-Dev";
		};
		CFADC3C42F2A42810040D198 /* Debug */ = {
			isa = XCBuildConfiguration;
			buildSettings = {
				APP_GROUP_IDENTIFIER = group.com.jurgenschmidt.yala;
				CODE_SIGN_ENTITLEMENTS = YalaShare/YalaShare.entitlements;
				CODE_SIGN_STYLE = Automatic;
				CURRENT_PROJECT_VERSION = 1;
				DEVELOPMENT_TEAM = 3WKFFVD66J;
				GENERATE_INFOPLIST_FILE = YES;
				INFOPLIST_FILE = YalaShare/Info.plist;
				INFOPLIST_KEY_CFBundleDisplayName = YalaShare;
				INFOPLIST_KEY_NSHumanReadableCopyright = "";
				IPHONEOS_DEPLOYMENT_TARGET = 26.0;
				LD_RUNPATH_SEARCH_PATHS = (
					"$(inherited)",
					"@executable_path/Frameworks",
					"@executable_path/../../Frameworks",
				);
				MARKETING_VERSION = 2.0;
				PRODUCT_BUNDLE_IDENTIFIER = com.jurgenschmidt.yala.YalaShare;
				PRODUCT_NAME = "$(TARGET_NAME)";
				SKIP_INSTALL = YES;
				STRING_CATALOG_GENERATE_SYMBOLS = YES;
				SUPPORTED_PLATFORMS = "iphoneos iphonesimulator";
				SUPPORTS_MACCATALYST = NO;
				SUPPORTS_XR_DESIGNED_FOR_IPHONE_IPAD = NO;
				SWIFT_APPROACHABLE_CONCURRENCY = YES;
				SWIFT_EMIT_LOC_STRINGS = YES;
				SWIFT_UPCOMING_FEATURE_MEMBER_IMPORT_VISIBILITY = YES;
				SWIFT_VERSION = 5.0;
				TARGETED_DEVICE_FAMILY = "1,2";
				URL_SCHEME = yala;
			};
			name = Debug;
		};
		CFADC3C52F2A42810040D198 /* Release */ = {
			isa = XCBuildConfiguration;
			buildSettings = {
				APP_GROUP_IDENTIFIER = group.com.jurgenschmidt.yala;
				CODE_SIGN_ENTITLEMENTS = YalaShare/YalaShare.entitlements;
				CODE_SIGN_STYLE = Automatic;
				CURRENT_PROJECT_VERSION = 1;
				DEVELOPMENT_TEAM = 3WKFFVD66J;
				GENERATE_INFOPLIST_FILE = YES;
				INFOPLIST_FILE = YalaShare/Info.plist;
				INFOPLIST_KEY_CFBundleDisplayName = YalaShare;
				INFOPLIST_KEY_NSHumanReadableCopyright = "";
				IPHONEOS_DEPLOYMENT_TARGET = 26.0;
				LD_RUNPATH_SEARCH_PATHS = (
					"$(inherited)",
					"@executable_path/Frameworks",
					"@executable_path/../../Frameworks",
				);
				MARKETING_VERSION = 2.0;
				PRODUCT_BUNDLE_IDENTIFIER = com.jurgenschmidt.yala.YalaShare;
				PRODUCT_NAME = "$(TARGET_NAME)";
				SKIP_INSTALL = YES;
				STRING_CATALOG_GENERATE_SYMBOLS = YES;
				SUPPORTED_PLATFORMS = "iphoneos iphonesimulator";
				SUPPORTS_MACCATALYST = NO;
				SUPPORTS_XR_DESIGNED_FOR_IPHONE_IPAD = NO;
				SWIFT_APPROACHABLE_CONCURRENCY = YES;
				SWIFT_EMIT_LOC_STRINGS = YES;
				SWIFT_UPCOMING_FEATURE_MEMBER_IMPORT_VISIBILITY = YES;
				SWIFT_VERSION = 5.0;
				TARGETED_DEVICE_FAMILY = "1,2";
				URL_SCHEME = yala;
			};
			name = Release;
		};
		CFADC3C62F2A42810040D198 /* Debug-Dev */ = {
			isa = XCBuildConfiguration;
			buildSettings = {
				APP_GROUP_IDENTIFIER = group.com.jurgenschmidt.yala.dev;
				CODE_SIGN_ENTITLEMENTS = YalaShare/YalaShare.entitlements;
				CODE_SIGN_STYLE = Automatic;
				CURRENT_PROJECT_VERSION = 1;
				DEVELOPMENT_TEAM = 3WKFFVD66J;
				GENERATE_INFOPLIST_FILE = YES;
				INFOPLIST_FILE = YalaShare/Info.plist;
				INFOPLIST_KEY_CFBundleDisplayName = YalaShare;
				INFOPLIST_KEY_NSHumanReadableCopyright = "";
				IPHONEOS_DEPLOYMENT_TARGET = 26.0;
				LD_RUNPATH_SEARCH_PATHS = (
					"$(inherited)",
					"@executable_path/Frameworks",
					"@executable_path/../../Frameworks",
				);
				MARKETING_VERSION = 2.0;
				PRODUCT_BUNDLE_IDENTIFIER = com.jurgenschmidt.yala.dev.YalaShare;
				PRODUCT_NAME = "$(TARGET_NAME)";
				SKIP_INSTALL = YES;
				STRING_CATALOG_GENERATE_SYMBOLS = YES;
				SUPPORTED_PLATFORMS = "iphoneos iphonesimulator";
				SUPPORTS_MACCATALYST = NO;
				SUPPORTS_XR_DESIGNED_FOR_IPHONE_IPAD = NO;
				SWIFT_APPROACHABLE_CONCURRENCY = YES;
				SWIFT_EMIT_LOC_STRINGS = YES;
				SWIFT_UPCOMING_FEATURE_MEMBER_IMPORT_VISIBILITY = YES;
				SWIFT_VERSION = 5.0;
				TARGETED_DEVICE_FAMILY = "1,2";
				URL_SCHEME = yaladev;
			};
			name = "Debug-Dev";
		};
		CFADC3C72F2A42810040D198 /* Release-Dev */ = {
			isa = XCBuildConfiguration;
			buildSettings = {
				APP_GROUP_IDENTIFIER = group.com.jurgenschmidt.yala.dev;
				CODE_SIGN_ENTITLEMENTS = YalaShare/YalaShare.entitlements;
				CODE_SIGN_STYLE = Automatic;
				CURRENT_PROJECT_VERSION = 1;
				DEVELOPMENT_TEAM = 3WKFFVD66J;
				GENERATE_INFOPLIST_FILE = YES;
				INFOPLIST_FILE = YalaShare/Info.plist;
				INFOPLIST_KEY_CFBundleDisplayName = YalaShare;
				INFOPLIST_KEY_NSHumanReadableCopyright = "";
				IPHONEOS_DEPLOYMENT_TARGET = 26.0;
				LD_RUNPATH_SEARCH_PATHS = (
					"$(inherited)",
					"@executable_path/Frameworks",
					"@executable_path/../../Frameworks",
				);
				MARKETING_VERSION = 2.0;
				PRODUCT_BUNDLE_IDENTIFIER = com.jurgenschmidt.yala.dev.YalaShare;
				PRODUCT_NAME = "$(TARGET_NAME)";
				SKIP_INSTALL = YES;
				STRING_CATALOG_GENERATE_SYMBOLS = YES;
				SUPPORTED_PLATFORMS = "iphoneos iphonesimulator";
				SUPPORTS_MACCATALYST = NO;
				SUPPORTS_XR_DESIGNED_FOR_IPHONE_IPAD = NO;
				SWIFT_APPROACHABLE_CONCURRENCY = YES;
				SWIFT_EMIT_LOC_STRINGS = YES;
				SWIFT_UPCOMING_FEATURE_MEMBER_IMPORT_VISIBILITY = YES;
				SWIFT_VERSION = 5.0;
				TARGETED_DEVICE_FAMILY = "1,2";
				URL_SCHEME = yaladev;
			};
			name = "Release-Dev";
		};
		CFB1B6C12F30EC940083BC08 /* Debug */ = {
			isa = XCBuildConfiguration;
			buildSettings = {
				APP_GROUP_IDENTIFIER = group.com.jurgenschmidt.yala;
				ASSETCATALOG_COMPILER_GLOBAL_ACCENT_COLOR_NAME = AccentColor;
				ASSETCATALOG_COMPILER_WIDGET_BACKGROUND_COLOR_NAME = WidgetBackground;
				CODE_SIGN_ENTITLEMENTS = YalaWidgets/YalaWidgets.entitlements;
				CODE_SIGN_IDENTITY = "Apple Development";
				CODE_SIGN_STYLE = Automatic;
				CURRENT_PROJECT_VERSION = 1;
				DEVELOPMENT_TEAM = 3WKFFVD66J;
				GENERATE_INFOPLIST_FILE = YES;
				INFOPLIST_FILE = YalaWidgets/Info.plist;
				INFOPLIST_KEY_CFBundleDisplayName = YalaWidgets;
				INFOPLIST_KEY_NSHumanReadableCopyright = "";
				IPHONEOS_DEPLOYMENT_TARGET = 26.0;
				LD_RUNPATH_SEARCH_PATHS = (
					"$(inherited)",
					"@executable_path/Frameworks",
					"@executable_path/../../Frameworks",
				);
				MARKETING_VERSION = 2.0;
				PRODUCT_BUNDLE_IDENTIFIER = com.jurgenschmidt.yala.YalaWidgets;
				PRODUCT_NAME = "$(TARGET_NAME)";
				PROVISIONING_PROFILE_SPECIFIER = "";
				SKIP_INSTALL = YES;
				STRING_CATALOG_GENERATE_SYMBOLS = YES;
				SUPPORTED_PLATFORMS = "iphoneos iphonesimulator";
				SUPPORTS_MACCATALYST = NO;
				SUPPORTS_XR_DESIGNED_FOR_IPHONE_IPAD = NO;
				SWIFT_APPROACHABLE_CONCURRENCY = YES;
				SWIFT_EMIT_LOC_STRINGS = YES;
				SWIFT_UPCOMING_FEATURE_MEMBER_IMPORT_VISIBILITY = YES;
				SWIFT_VERSION = 5.0;
				TARGETED_DEVICE_FAMILY = "1,2";
				URL_SCHEME = yala;
			};
			name = Debug;
		};
		CFB1B6C22F30EC940083BC08 /* Release */ = {
			isa = XCBuildConfiguration;
			buildSettings = {
				APP_GROUP_IDENTIFIER = group.com.jurgenschmidt.yala;
				ASSETCATALOG_COMPILER_GLOBAL_ACCENT_COLOR_NAME = AccentColor;
				ASSETCATALOG_COMPILER_WIDGET_BACKGROUND_COLOR_NAME = WidgetBackground;
				CODE_SIGN_ENTITLEMENTS = YalaWidgets/YalaWidgets.entitlements;
				CODE_SIGN_IDENTITY = "Apple Development";
				CODE_SIGN_STYLE = Automatic;
				CURRENT_PROJECT_VERSION = 1;
				DEVELOPMENT_TEAM = 3WKFFVD66J;
				GENERATE_INFOPLIST_FILE = YES;
				INFOPLIST_FILE = YalaWidgets/Info.plist;
				INFOPLIST_KEY_CFBundleDisplayName = YalaWidgets;
				INFOPLIST_KEY_NSHumanReadableCopyright = "";
				IPHONEOS_DEPLOYMENT_TARGET = 26.0;
				LD_RUNPATH_SEARCH_PATHS = (
					"$(inherited)",
					"@executable_path/Frameworks",
					"@executable_path/../../Frameworks",
				);
				MARKETING_VERSION = 2.0;
				PRODUCT_BUNDLE_IDENTIFIER = com.jurgenschmidt.yala.YalaWidgets;
				PRODUCT_NAME = "$(TARGET_NAME)";
				PROVISIONING_PROFILE_SPECIFIER = "";
				SKIP_INSTALL = YES;
				STRING_CATALOG_GENERATE_SYMBOLS = YES;
				SUPPORTED_PLATFORMS = "iphoneos iphonesimulator";
				SUPPORTS_MACCATALYST = NO;
				SUPPORTS_XR_DESIGNED_FOR_IPHONE_IPAD = NO;
				SWIFT_APPROACHABLE_CONCURRENCY = YES;
				SWIFT_EMIT_LOC_STRINGS = YES;
				SWIFT_UPCOMING_FEATURE_MEMBER_IMPORT_VISIBILITY = YES;
				SWIFT_VERSION = 5.0;
				TARGETED_DEVICE_FAMILY = "1,2";
				URL_SCHEME = yala;
			};
			name = Release;
		};
		CFB1B6C32F30EC940083BC08 /* Debug-Dev */ = {
			isa = XCBuildConfiguration;
			buildSettings = {
				APP_GROUP_IDENTIFIER = group.com.jurgenschmidt.yala.dev;
				ASSETCATALOG_COMPILER_GLOBAL_ACCENT_COLOR_NAME = AccentColor;
				ASSETCATALOG_COMPILER_WIDGET_BACKGROUND_COLOR_NAME = WidgetBackground;
				CODE_SIGN_ENTITLEMENTS = YalaWidgets/YalaWidgets.entitlements;
				CODE_SIGN_STYLE = Automatic;
				CURRENT_PROJECT_VERSION = 1;
				DEVELOPMENT_TEAM = 3WKFFVD66J;
				GENERATE_INFOPLIST_FILE = YES;
				INFOPLIST_FILE = YalaWidgets/Info.plist;
				INFOPLIST_KEY_CFBundleDisplayName = YalaWidgets;
				INFOPLIST_KEY_NSHumanReadableCopyright = "";
				IPHONEOS_DEPLOYMENT_TARGET = 26.0;
				LD_RUNPATH_SEARCH_PATHS = (
					"$(inherited)",
					"@executable_path/Frameworks",
					"@executable_path/../../Frameworks",
				);
				MARKETING_VERSION = 2.0;
				PRODUCT_BUNDLE_IDENTIFIER = com.jurgenschmidt.yala.dev.YalaWidgets;
				PRODUCT_NAME = "$(TARGET_NAME)";
				SKIP_INSTALL = YES;
				STRING_CATALOG_GENERATE_SYMBOLS = YES;
				SUPPORTED_PLATFORMS = "iphoneos iphonesimulator";
				SUPPORTS_MACCATALYST = NO;
				SUPPORTS_XR_DESIGNED_FOR_IPHONE_IPAD = NO;
				SWIFT_APPROACHABLE_CONCURRENCY = YES;
				SWIFT_EMIT_LOC_STRINGS = YES;
				SWIFT_UPCOMING_FEATURE_MEMBER_IMPORT_VISIBILITY = YES;
				SWIFT_VERSION = 5.0;
				TARGETED_DEVICE_FAMILY = "1,2";
				URL_SCHEME = yaladev;
			};
			name = "Debug-Dev";
		};
		CFB1B6C42F30EC940083BC08 /* Release-Dev */ = {
			isa = XCBuildConfiguration;
			buildSettings = {
				APP_GROUP_IDENTIFIER = group.com.jurgenschmidt.yala.dev;
				ASSETCATALOG_COMPILER_GLOBAL_ACCENT_COLOR_NAME = AccentColor;
				ASSETCATALOG_COMPILER_WIDGET_BACKGROUND_COLOR_NAME = WidgetBackground;
				CODE_SIGN_ENTITLEMENTS = YalaWidgets/YalaWidgets.entitlements;
				CODE_SIGN_STYLE = Automatic;
				CURRENT_PROJECT_VERSION = 1;
				DEVELOPMENT_TEAM = 3WKFFVD66J;
				GENERATE_INFOPLIST_FILE = YES;
				INFOPLIST_FILE = YalaWidgets/Info.plist;
				INFOPLIST_KEY_CFBundleDisplayName = YalaWidgets;
				INFOPLIST_KEY_NSHumanReadableCopyright = "";
				IPHONEOS_DEPLOYMENT_TARGET = 26.0;
				LD_RUNPATH_SEARCH_PATHS = (
					"$(inherited)",
					"@executable_path/Frameworks",
					"@executable_path/../../Frameworks",
				);
				MARKETING_VERSION = 2.0;
				PRODUCT_BUNDLE_IDENTIFIER = com.jurgenschmidt.yala.dev.YalaWidgets;
				PRODUCT_NAME = "$(TARGET_NAME)";
				SKIP_INSTALL = YES;
				STRING_CATALOG_GENERATE_SYMBOLS = YES;
				SUPPORTED_PLATFORMS = "iphoneos iphonesimulator";
				SUPPORTS_MACCATALYST = NO;
				SUPPORTS_XR_DESIGNED_FOR_IPHONE_IPAD = NO;
				SWIFT_APPROACHABLE_CONCURRENCY = YES;
				SWIFT_EMIT_LOC_STRINGS = YES;
				SWIFT_UPCOMING_FEATURE_MEMBER_IMPORT_VISIBILITY = YES;
				SWIFT_VERSION = 5.0;
				TARGETED_DEVICE_FAMILY = "1,2";
				URL_SCHEME = yaladev;
			};
			name = "Release-Dev";
		};
/* End XCBuildConfiguration section */

/* Begin XCConfigurationList section */
		96CFFF8E2EC3CF06002AC31C /* Build configuration list for PBXProject "Yala" */ = {
			isa = XCConfigurationList;
			buildConfigurations = (
				96CFFFBA2EC3CF09002AC31C /* Debug */,
				96CFFFBB2EC3CF09002AC31C /* Release */,
				96CFFFDA2EC3CF09002AC31C /* Debug-Dev */,
				96CFFFDB2EC3CF09002AC31C /* Release-Dev */,
			);
			defaultConfigurationIsVisible = 0;
			defaultConfigurationName = Release;
		};
		96CFFFB72EC3CF09002AC31C /* Build configuration list for PBXNativeTarget "Yala" */ = {
			isa = XCConfigurationList;
			buildConfigurations = (
				96CFFFB82EC3CF09002AC31C /* Debug */,
				96CFFFB92EC3CF09002AC31C /* Release */,
				96CFFFD82EC3CF09002AC31C /* Debug-Dev */,
				96CFFFD92EC3CF09002AC31C /* Release-Dev */,
			);
			defaultConfigurationIsVisible = 0;
			defaultConfigurationName = Release;
		};
		96CFFFBC2EC3CF09002AC31C /* Build configuration list for PBXNativeTarget "YalaTests" */ = {
			isa = XCConfigurationList;
			buildConfigurations = (
				96CFFFBD2EC3CF09002AC31C /* Debug */,
				96CFFFBE2EC3CF09002AC31C /* Release */,
				96CFFFDC2EC3CF09002AC31C /* Debug-Dev */,
				96CFFFDD2EC3CF09002AC31C /* Release-Dev */,
			);
			defaultConfigurationIsVisible = 0;
			defaultConfigurationName = Release;
		};
		96CFFFBF2EC3CF09002AC31C /* Build configuration list for PBXNativeTarget "YalaUITests" */ = {
			isa = XCConfigurationList;
			buildConfigurations = (
				96CFFFC02EC3CF09002AC31C /* Debug */,
				96CFFFC12EC3CF09002AC31C /* Release */,
				96CFFFDE2EC3CF09002AC31C /* Debug-Dev */,
				96CFFFDF2EC3CF09002AC31C /* Release-Dev */,
			);
			defaultConfigurationIsVisible = 0;
			defaultConfigurationName = Release;
		};
		CFADC3C82F2A42810040D198 /* Build configuration list for PBXNativeTarget "YalaShare" */ = {
			isa = XCConfigurationList;
			buildConfigurations = (
				CFADC3C42F2A42810040D198 /* Debug */,
				CFADC3C52F2A42810040D198 /* Release */,
				CFADC3C62F2A42810040D198 /* Debug-Dev */,
				CFADC3C72F2A42810040D198 /* Release-Dev */,
			);
			defaultConfigurationIsVisible = 0;
			defaultConfigurationName = Release;
		};
		CFB1B6C52F30EC940083BC08 /* Build configuration list for PBXNativeTarget "YalaWidgetsExtension" */ = {
			isa = XCConfigurationList;
			buildConfigurations = (
				CFB1B6C12F30EC940083BC08 /* Debug */,
				CFB1B6C22F30EC940083BC08 /* Release */,
				CFB1B6C32F30EC940083BC08 /* Debug-Dev */,
				CFB1B6C42F30EC940083BC08 /* Release-Dev */,
			);
			defaultConfigurationIsVisible = 0;
			defaultConfigurationName = Release;
		};
/* End XCConfigurationList section */

/* Begin XCRemoteSwiftPackageReference section */
		4E97FB9187BF6FE7F4D701D1 /* XCRemoteSwiftPackageReference "SwiftSDK" */ = {
			isa = XCRemoteSwiftPackageReference;
			repositoryURL = "https://github.com/TelemetryDeck/SwiftSDK";
			requirement = {
				kind = upToNextMajorVersion;
				minimumVersion = 2.0.0;
			};
		};
		96CFFFC22EC3D721002AC31C /* XCRemoteSwiftPackageReference "CoreXLSX" */ = {
			isa = XCRemoteSwiftPackageReference;
			repositoryURL = "https://github.com/CoreOffice/CoreXLSX";
			requirement = {
				kind = upToNextMajorVersion;
				minimumVersion = 0.14.2;
			};
		};
		96CFFFC62EC3D721002AC31C /* XCRemoteSwiftPackageReference "OpenAI" */ = {
			isa = XCRemoteSwiftPackageReference;
			repositoryURL = "https://github.com/MacPaw/OpenAI";
			requirement = {
				kind = upToNextMajorVersion;
				minimumVersion = 0.3.0;
			};
		};
/* End XCRemoteSwiftPackageReference section */

/* Begin XCSwiftPackageProductDependency section */
		96CFFFC32EC3D721002AC31C /* CoreXLSX */ = {
			isa = XCSwiftPackageProductDependency;
			package = 96CFFFC22EC3D721002AC31C /* XCRemoteSwiftPackageReference "CoreXLSX" */;
			productName = CoreXLSX;
		};
		96CFFFC72EC3D721002AC31C /* OpenAI */ = {
			isa = XCSwiftPackageProductDependency;
			package = 96CFFFC62EC3D721002AC31C /* XCRemoteSwiftPackageReference "OpenAI" */;
			productName = OpenAI;
		};
		B6B43726ABA640E1D7F2C50D /* TelemetryDeck */ = {
			isa = XCSwiftPackageProductDependency;
			package = 4E97FB9187BF6FE7F4D701D1 /* XCRemoteSwiftPackageReference "SwiftSDK" */;
			productName = TelemetryDeck;
		};
/* End XCSwiftPackageProductDependency section */
	};
	rootObject = 96CFFF8B2EC3CF06002AC31C /* Project object */;
}
